
Microsoft Visual Studio Solution File, Format Version 12.00
# Visual Studio Version 17
VisualStudioVersion = 17.3.32811.315
MinimumVisualStudioVersion = 10.0.40219.1
Project("{9A19103F-16F7-4668-BE54-9A1E7A4F7556}") = "MyIA.AI.Shared", "MyIA.AI.Shared\MyIA.AI.Shared.csproj", "{C3C93A0C-F52E-45FA-9A3C-FBD3E59E4F04}"
EndProject
Project("{FAE04EC0-301F-11D3-BF4B-00C04F79EFBC}") = "MyIA.AI.Shared.Tests", "MyIA.AI.Shared.Tests\MyIA.AI.Shared.Tests.csproj", "{852EA4BC-F566-451E-84D4-659ECDC79A88}"
EndProject

Project("{FAE04EC0-301F-11D3-BF4B-00C04F79EFBC}") = "MyIA.AI.Notebooks", "MyIA.AI.Notebooks\MyIA.AI.Notebooks.csproj", "{2DCA709C-28FB-4369-B93C-A256CFE27F99}"
EndProject
Project("{FAE04EC0-301F-11D3-BF4B-00C04F79EFBC}") = "MyIA.Trading.Converter", "MyIA.Trading.Converter\MyIA.Trading.Converter.csproj", "{F3B5C8D1-2E47-4A89-9B6E-3C8F2A1D7E45}"
EndProject
Project("{FAE04EC0-301F-11D3-BF4B-00C04F79EFBC}") = "MyIA.Trading.Backtester", "MyIA.Trading.Backtester\MyIA.Trading.Backtester.csproj", "{95DE1847-B570-4AEF-9FD6-BA2D3B827C9D}"
EndProject
Project("{FAE04EC0-301F-11D3-BF4B-00C04F79EFBC}") = "MyIA.Trading.Backtester.Tests", "MyIA.Trading.Backtester.Tests\MyIA.Trading.Backtester.Tests.csproj", "{DF112603-A4EE-4651-B9DD-19E9BA338320}"
EndProject
Global
	GlobalSection(SolutionConfigurationPlatforms) = preSolution
		Debug|Any CPU = Debug|Any CPU
		Release|Any CPU = Release|Any CPU
	EndGlobalSection
	GlobalSection(ProjectConfigurationPlatforms) = postSolution
		{C3C93A0C-F52E-45FA-9A3C-FBD3E59E4F04}.Debug|Any CPU.ActiveCfg = Debug|Any CPU
		{C3C93A0C-F52E-45FA-9A3C-FBD3E59E4F04}.Debug|Any CPU.Build.0 = Debug|Any CPU
		{C3C93A0C-F52E-45FA-9A3C-FBD3E59E4F04}.Release|Any CPU.ActiveCfg = Release|Any CPU
		{C3C93A0C-F52E-45FA-9A3C-FBD3E59E4F04}.Release|Any CPU.Build.0 = Release|Any CPU
		{852EA4BC-F566-451E-84D4-659ECDC79A88}.Debug|Any CPU.ActiveCfg = Debug|Any CPU
		{852EA4BC-F566-451E-84D4-659ECDC79A88}.Debug|Any CPU.Build.0 = Debug|Any CPU
		{852EA4BC-F566-451E-84D4-659ECDC79A88}.Release|Any CPU.ActiveCfg = Release|Any CPU
		{852EA4BC-F566-451E-84D4-659ECDC79A88}.Release|Any CPU.Build.0 = Release|Any CPU
		{2DCA709C-28FB-4369-B93C-A256CFE27F99}.Debug|Any CPU.ActiveCfg = Debug|Any CPU
		{2DCA709C-28FB-4369-B93C-A256CFE27F99}.Debug|Any CPU.Build.0 = Debug|Any CPU
		{2DCA709C-28FB-4369-B93C-A256CFE27F99}.Release|Any CPU.ActiveCfg = Release|Any CPU
		{2DCA709C-28FB-4369-B93C-A256CFE27F99}.Release|Any CPU.Build.0 = Release|Any CPU
		{F3B5C8D1-2E47-4A89-9B6E-3C8F2A1D7E45}.Debug|Any CPU.ActiveCfg = Debug|Any CPU
		{F3B5C8D1-2E47-4A89-9B6E-3C8F2A1D7E45}.Debug|Any CPU.Build.0 = Debug|Any CPU
		{F3B5C8D1-2E47-4A89-9B6E-3C8F2A1D7E45}.Release|Any CPU.ActiveCfg = Release|Any CPU
		{F3B5C8D1-2E47-4A89-9B6E-3C8F2A1D7E45}.Release|Any CPU.Build.0 = Release|Any CPU
{95DE1847-B570-4AEF-9FD6-BA2D3B827C9D}.Debug|Any CPU.ActiveCfg = Debug|Any CPU
{95DE1847-B570-4AEF-9FD6-BA2D3B827C9D}.Debug|Any CPU.Build.0 = Debug|Any CPU
{95DE1847-B570-4AEF-9FD6-BA2D3B827C9D}.Release|Any CPU.ActiveCfg = Release|Any CPU
{95DE1847-B570-4AEF-9FD6-BA2D3B827C9D}.Release|Any CPU.Build.0 = Release|Any CPU
{DF112603-A4EE-4651-B9DD-19E9BA338320}.Debug|Any CPU.ActiveCfg = Debug|Any CPU
{DF112603-A4EE-4651-B9DD-19E9BA338320}.Debug|Any CPU.Build.0 = Debug|Any CPU
{DF112603-A4EE-4651-B9DD-19E9BA338320}.Release|Any CPU.ActiveCfg = Release|Any CPU
{DF112603-A4EE-4651-B9DD-19E9BA338320}.Release|Any CPU.Build.0 = Release|Any CPU
	EndGlobalSection
	GlobalSection(SolutionProperties) = preSolution
		HideSolutionNode = FALSE
	EndGlobalSection
	GlobalSection(ExtensibilityGlobals) = postSolution
		SolutionGuid = {A5650A03-8C2E-4A62-86F3-B610269F29C0}
	EndGlobalSection
EndGlobal
